<Solution>
  <Folder Name="/src/">
    <Project Path="src/Ironmon.Tracker.App/Ironmon.Tracker.App.csproj" />
    <Project Path="src/Ironmon.Tracker.Core/Ironmon.Tracker.Core.csproj" />
    <Project Path="src/Ironmon.Tracker.Protocol/Ironmon.Tracker.Protocol.csproj" />
  </Folder>
  <Folder Name="/tests/">
    <Project Path="tests/Ironmon.Tracker.Tests/Ironmon.Tracker.Tests.csproj" />
  </Folder>
</Solution>
